
Microsoft Visual Studio Solution File, Format Version 12.00
# Visual Studio Version 16
VisualStudioVersion = 16.0.30114.105
MinimumVisualStudioVersion = 10.0.40219.1
Project("{FAE04EC0-301F-11D3-BF4B-00C04F79EFBC}") = "SimCaptcha", "src\SimCaptcha\SimCaptcha.csproj", "{C92EAAA7-1F37-4CEE-8BB1-AEE3458499D9}"
EndProject
Project("{2150E333-8FDC-42A3-9474-1A3956D46DE8}") = "src", "src", "{1A94319A-8C57-4094-85D8-BEEEDFA07D79}"
EndProject
Project("{2150E333-8FDC-42A3-9474-1A3956D46DE8}") = "examples", "examples", "{2E277363-C944-427E-B8BE-3936A23F79DC}"
EndProject
Project("{FAE04EC0-301F-11D3-BF4B-00C04F79EFBC}") = "ASPNETCoreDemo", "examples\ASPNETCoreDemo\ASPNETCoreDemo.csproj", "{4C801734-E390-4B1A-AFF6-BBD5C3E4ACDF}"
EndProject
Global
	GlobalSection(SolutionConfigurationPlatforms) = preSolution
		Debug|Any CPU = Debug|Any CPU
		Release|Any CPU = Release|Any CPU
	EndGlobalSection
	GlobalSection(ProjectConfigurationPlatforms) = postSolution
		{C92EAAA7-1F37-4CEE-8BB1-AEE3458499D9}.Debug|Any CPU.ActiveCfg = Debug|Any CPU
		{C92EAAA7-1F37-4CEE-8BB1-AEE3458499D9}.Debug|Any CPU.Build.0 = Debug|Any CPU
		{C92EAAA7-1F37-4CEE-8BB1-AEE3458499D9}.Release|Any CPU.ActiveCfg = Release|Any CPU
		{C92EAAA7-1F37-4CEE-8BB1-AEE3458499D9}.Release|Any CPU.Build.0 = Release|Any CPU
		{4C801734-E390-4B1A-AFF6-BBD5C3E4ACDF}.Debug|Any CPU.ActiveCfg = Debug|Any CPU
		{4C801734-E390-4B1A-AFF6-BBD5C3E4ACDF}.Debug|Any CPU.Build.0 = Debug|Any CPU
		{4C801734-E390-4B1A-AFF6-BBD5C3E4ACDF}.Release|Any CPU.ActiveCfg = Release|Any CPU
		{4C801734-E390-4B1A-AFF6-BBD5C3E4ACDF}.Release|Any CPU.Build.0 = Release|Any CPU
	EndGlobalSection
	GlobalSection(SolutionProperties) = preSolution
		HideSolutionNode = FALSE
	EndGlobalSection
	GlobalSection(NestedProjects) = preSolution
		{C92EAAA7-1F37-4CEE-8BB1-AEE3458499D9} = {1A94319A-8C57-4094-85D8-BEEEDFA07D79}
		{4C801734-E390-4B1A-AFF6-BBD5C3E4ACDF} = {2E277363-C944-427E-B8BE-3936A23F79DC}
	EndGlobalSection
	GlobalSection(ExtensibilityGlobals) = postSolution
		SolutionGuid = {4C40FA22-1CE6-4D25-A50A-5772997B9D28}
	EndGlobalSection
EndGlobal
